
Microsoft Visual Studio Solution File, Format Version 12.00
# Visual Studio Version 17
VisualStudioVersion = 17.10.35027.167
MinimumVisualStudioVersion = 10.0.40219.1
Project("{FAE04EC0-301F-11D3-BF4B-00C04F79EFBC}") = "ConsonantSubstringSums", "ConsonantSubstringSums.csproj", "{A1122AF0-0DE8-4700-8976-82B601130320}"
EndProject
Global
	GlobalSection(SolutionConfigurationPlatforms) = preSolution
		Debug|Any CPU = Debug|Any CPU
		Release|Any CPU = Release|Any CPU
	EndGlobalSection
	GlobalSection(ProjectConfigurationPlatforms) = postSolution
		{A1122AF0-0DE8-4700-8976-82B601130320}.Debug|Any CPU.ActiveCfg = Debug|Any CPU
		{A1122AF0-0DE8-4700-8976-82B601130320}.Debug|Any CPU.Build.0 = Debug|Any CPU
		{A1122AF0-0DE8-4700-8976-82B601130320}.Release|Any CPU.ActiveCfg = Release|Any CPU
		{A1122AF0-0DE8-4700-8976-82B601130320}.Release|Any CPU.Build.0 = Release|Any CPU
	EndGlobalSection
	GlobalSection(SolutionProperties) = preSolution
		HideSolutionNode = FALSE
	EndGlobalSection
	GlobalSection(ExtensibilityGlobals) = postSolution
		SolutionGuid = {4D9179F8-9065-4E08-BF83-66426D50F968}
	EndGlobalSection
EndGlobal
